
Microsoft Visual Studio Solution File, Format Version 12.00
# Visual Studio Version 16
VisualStudioVersion = 16.0.29424.173
MinimumVisualStudioVersion = 10.0.40219.1
Project("{FAE04EC0-301F-11D3-BF4B-00C04F79EFBC}") = "Runner", "Runner\Runner.csproj", "{7D21CF69-9748-4A49-B533-7087959BD4D0}"
EndProject
Global
	GlobalSection(SolutionConfigurationPlatforms) = preSolution
		Debug|Any CPU = Debug|Any CPU
		Release|Any CPU = Release|Any CPU
	EndGlobalSection
	GlobalSection(ProjectConfigurationPlatforms) = postSolution
		{7D21CF69-9748-4A49-B533-7087959BD4D0}.Debug|Any CPU.ActiveCfg = Debug|Any CPU
		{7D21CF69-9748-4A49-B533-7087959BD4D0}.Debug|Any CPU.Build.0 = Debug|Any CPU
		{7D21CF69-9748-4A49-B533-7087959BD4D0}.Release|Any CPU.ActiveCfg = Release|Any CPU
		{7D21CF69-9748-4A49-B533-7087959BD4D0}.Release|Any CPU.Build.0 = Release|Any CPU
	EndGlobalSection
	GlobalSection(SolutionProperties) = preSolution
		HideSolutionNode = FALSE
	EndGlobalSection
	GlobalSection(ExtensibilityGlobals) = postSolution
		SolutionGuid = {75DE6093-F741-4D90-91DB-3212392147B3}
	EndGlobalSection
EndGlobal
